// !$*UTF8*$!
{
	archiveVersion = 1;
	classes = {
	};
	objectVersion = 56;
	objects = {

/* Begin PBXBuildFile section */
		708D978C2AD464540082964A /* LandmarkNavigationApp.swift in Sources */ = {isa = PBXBuildFile; fileRef = 708D978B2AD464540082964A /* LandmarkNavigationApp.swift */; };
		708D978E2AD464540082964A /* ContentView.swift in Sources */ = {isa = PBXBuildFile; fileRef = 708D978D2AD464540082964A /* ContentView.swift */; };
		708D97902AD464570082964A /* Assets.xcassets in Resources */ = {isa = PBXBuildFile; fileRef = 708D978F2AD464570082964A /* Assets.xcassets */; };
		708D97932AD464570082964A /* Preview Assets.xcassets in Resources */ = {isa = PBXBuildFile; fileRef = 708D97922AD464570082964A /* Preview Assets.xcassets */; };
		708D979A2AD465260082964A /* landmarkData.json in Resources */ = {isa = PBXBuildFile; fileRef = 708D97992AD465260082964A /* landmarkData.json */; };
		708D979E2AD465780082964A /* Landmark.swift in Sources */ = {isa = PBXBuildFile; fileRef = 708D979D2AD465780082964A /* Landmark.swift */; };
		708D97A02AD46BE60082964A /* ModelData.swift in Sources */ = {isa = PBXBuildFile; fileRef = 708D979F2AD46BE60082964A /* ModelData.swift */; };
		708D97A62AD4703F0082964A /* CircleImage.swift in Sources */ = {isa = PBXBuildFile; fileRef = 708D97A32AD4703F0082964A /* CircleImage.swift */; };
		708D97A72AD4703F0082964A /* MapView.swift in Sources */ = {isa = PBXBuildFile; fileRef = 708D97A42AD4703F0082964A /* MapView.swift */; };
		708D97AB2AD473D80082964A /* LandmarkRow.swift in Sources */ = {isa = PBXBuildFile; fileRef = 708D97AA2AD473D80082964A /* LandmarkRow.swift */; };
		708D97AD2AD4799D0082964A /* LandmarkList.swift in Sources */ = {isa = PBXBuildFile; fileRef = 708D97AC2AD4799C0082964A /* LandmarkList.swift */; };
/* End PBXBuildFile section */

/* Begin PBXFileReference section */
		708D97882AD464540082964A /* LandmarkNavigation.app */ = {isa = PBXFileReference; explicitFileType = wrapper.application; includeInIndex = 0; path = LandmarkNavigation.app; sourceTree = BUILT_PRODUCTS_DIR; };
		708D978B2AD464540082964A /* LandmarkNavigationApp.swift */ = {isa = PBXFileReference; lastKnownFileType = sourcecode.swift; path = LandmarkNavigationApp.swift; sourceTree = "<group>"; };
		708D978D2AD464540082964A /* ContentView.swift */ = {isa = PBXFileReference; lastKnownFileType = sourcecode.swift; path = ContentView.swift; sourceTree = "<group>"; };
		708D978F2AD464570082964A /* Assets.xcassets */ = {isa = PBXFileReference; lastKnownFileType = folder.assetcatalog; path = Assets.xcassets; sourceTree = "<group>"; };
		708D97922AD464570082964A /* Preview Assets.xcassets */ = {isa = PBXFileReference; lastKnownFileType = folder.assetcatalog; path = "Preview Assets.xcassets"; sourceTree = "<group>"; };
		708D97992AD465260082964A /* landmarkData.json */ = {isa = PBXFileReference; fileEncoding = 4; lastKnownFileType = text.json; path = landmarkData.json; sourceTree = "<group>"; };
		708D979D2AD465780082964A /* Landmark.swift */ = {isa = PBXFileReference; lastKnownFileType = sourcecode.swift; path = Landmark.swift; sourceTree = "<group>"; };
		708D979F2AD46BE60082964A /* ModelData.swift */ = {isa = PBXFileReference; lastKnownFileType = sourcecode.swift; path = ModelData.swift; sourceTree = "<group>"; };
		708D97A32AD4703F0082964A /* CircleImage.swift */ = {isa = PBXFileReference; fileEncoding = 4; lastKnownFileType = sourcecode.swift; path = CircleImage.swift; sourceTree = "<group>"; };
		708D97A42AD4703F0082964A /* MapView.swift */ = {isa = PBXFileReference; fileEncoding = 4; lastKnownFileType = sourcecode.swift; path = MapView.swift; sourceTree = "<group>"; };
		708D97AA2AD473D80082964A /* LandmarkRow.swift */ = {isa = PBXFileReference; lastKnownFileType = sourcecode.swift; path = LandmarkRow.swift; sourceTree = "<group>"; };
		708D97AC2AD4799C0082964A /* LandmarkList.swift */ = {isa = PBXFileReference; lastKnownFileType = sourcecode.swift; name = LandmarkList.swift; path = LandmarkNavigation/Views/LandmarkList.swift; sourceTree = SOURCE_ROOT; };
/* End PBXFileReference section */

/* Begin PBXFrameworksBuildPhase section */
		708D97852AD464540082964A /* Frameworks */ = {
			isa = PBXFrameworksBuildPhase;
			buildActionMask = 2147483647;
			files = (
			);
			runOnlyForDeploymentPostprocessing = 0;
		};
/* End PBXFrameworksBuildPhase section */

/* Begin PBXGroup section */
		708D977F2AD464540082964A = {
			isa = PBXGroup;
			children = (
				708D978A2AD464540082964A /* LandmarkNavigation */,
				708D97892AD464540082964A /* Products */,
			);
			sourceTree = "<group>";
		};
		708D97892AD464540082964A /* Products */ = {
			isa = PBXGroup;
			children = (
				708D97882AD464540082964A /* LandmarkNavigation.app */,
			);
			name = Products;
			sourceTree = "<group>";
		};
		708D978A2AD464540082964A /* LandmarkNavigation */ = {
			isa = PBXGroup;
			children = (
				708D97A92AD473370082964A /* Resources */,
				708D97A82AD470600082964A /* Models */,
				708D97A12AD470180082964A /* Views */,
				708D978B2AD464540082964A /* LandmarkNavigationApp.swift */,
				708D978F2AD464570082964A /* Assets.xcassets */,
				708D97912AD464570082964A /* Preview Content */,
			);
			path = LandmarkNavigation;
			sourceTree = "<group>";
		};
		708D97912AD464570082964A /* Preview Content */ = {
			isa = PBXGroup;
			children = (
				708D97922AD464570082964A /* Preview Assets.xcassets */,
			);
			path = "Preview Content";
			sourceTree = "<group>";
		};
		708D97A12AD470180082964A /* Views */ = {
			isa = PBXGroup;
			children = (
				708D97AC2AD4799C0082964A /* LandmarkList.swift */,
				708D978D2AD464540082964A /* ContentView.swift */,
				708D97A32AD4703F0082964A /* CircleImage.swift */,
				708D97A42AD4703F0082964A /* MapView.swift */,
				708D97AA2AD473D80082964A /* LandmarkRow.swift */,
			);
			path = Views;
			sourceTree = "<group>";
		};
		708D97A82AD470600082964A /* Models */ = {
			isa = PBXGroup;
			children = (
				708D979D2AD465780082964A /* Landmark.swift */,
				708D979F2AD46BE60082964A /* ModelData.swift */,
			);
			path = Models;
			sourceTree = "<group>";
		};
		708D97A92AD473370082964A /* Resources */ = {
			isa = PBXGroup;
			children = (
				708D97992AD465260082964A /* landmarkData.json */,
			);
			path = Resources;
			sourceTree = "<group>";
		};
/* End PBXGroup section */

/* Begin PBXNativeTarget section */
		708D97872AD464540082964A /* LandmarkNavigation */ = {
			isa = PBXNativeTarget;
			buildConfigurationList = 708D97962AD464570082964A /* Build configuration list for PBXNativeTarget "LandmarkNavigation" */;
			buildPhases = (
				708D97842AD464540082964A /* Sources */,
				708D97852AD464540082964A /* Frameworks */,
				708D97862AD464540082964A /* Resources */,
			);
			buildRules = (
			);
			dependencies = (
			);
			name = LandmarkNavigation;
			productName = LandmarkNavigation;
			productReference = 708D97882AD464540082964A /* LandmarkNavigation.app */;
			productType = "com.apple.product-type.application";
		};
/* End PBXNativeTarget section */

/* Begin PBXProject section */
		708D97802AD464540082964A /* Project object */ = {
			isa = PBXProject;
			attributes = {
				BuildIndependentTargetsInParallel = 1;
				LastSwiftUpdateCheck = 1500;
				LastUpgradeCheck = 1500;
				TargetAttributes = {
					708D97872AD464540082964A = {
						CreatedOnToolsVersion = 15.0;
					};
				};
			};
			buildConfigurationList = 708D97832AD464540082964A /* Build configuration list for PBXProject "LandmarkNavigation" */;
			compatibilityVersion = "Xcode 14.0";
			developmentRegion = en;
			hasScannedForEncodings = 0;
			knownRegions = (
				en,
				Base,
			);
			mainGroup = 708D977F2AD464540082964A;
			productRefGroup = 708D97892AD464540082964A /* Products */;
			projectDirPath = "";
			projectRoot = "";
			targets = (
				708D97872AD464540082964A /* LandmarkNavigation */,
			);
		};
/* End PBXProject section */

/* Begin PBXResourcesBuildPhase section */
		708D97862AD464540082964A /* Resources */ = {
			isa = PBXResourcesBuildPhase;
			buildActionMask = 2147483647;
			files = (
				708D97932AD464570082964A /* Preview Assets.xcassets in Resources */,
				708D97902AD464570082964A /* Assets.xcassets in Resources */,
				708D979A2AD465260082964A /* landmarkData.json in Resources */,
			);
			runOnlyForDeploymentPostprocessing = 0;
		};
/* End PBXResourcesBuildPhase section */

/* Begin PBXSourcesBuildPhase section */
		708D97842AD464540082964A /* Sources */ = {
			isa = PBXSourcesBuildPhase;
			buildActionMask = 2147483647;
			files = (
				708D97A72AD4703F0082964A /* MapView.swift in Sources */,
				708D978E2AD464540082964A /* ContentView.swift in Sources */,
				708D97A02AD46BE60082964A /* ModelData.swift in Sources */,
				708D97AD2AD4799D0082964A /* LandmarkList.swift in Sources */,
				708D978C2AD464540082964A /* LandmarkNavigationApp.swift in Sources */,
				708D979E2AD465780082964A /* Landmark.swift in Sources */,
				708D97AB2AD473D80082964A /* LandmarkRow.swift in Sources */,
				708D97A62AD4703F0082964A /* CircleImage.swift in Sources */,
			);
			runOnlyForDeploymentPostprocessing = 0;
		};
/* End PBXSourcesBuildPhase section */

/* Begin XCBuildConfiguration section */
		708D97942AD464570082964A /* Debug */ = {
			isa = XCBuildConfiguration;
			buildSettings = {
				ALWAYS_SEARCH_USER_PATHS = NO;
				ASSETCATALOG_COMPILER_GENERATE_SWIFT_ASSET_SYMBOL_EXTENSIONS = YES;
				CLANG_ANALYZER_NONNULL = YES;
				CLANG_ANALYZER_NUMBER_OBJECT_CONVERSION = YES_AGGRESSIVE;
				CLANG_CXX_LANGUAGE_STANDARD = "gnu++20";
				CLANG_ENABLE_MODULES = YES;
				CLANG_ENABLE_OBJC_ARC = YES;
				CLANG_ENABLE_OBJC_WEAK = YES;
				CLANG_WARN_BLOCK_CAPTURE_AUTORELEASING = YES;
				CLANG_WARN_BOOL_CONVERSION = YES;
				CLANG_WARN_COMMA = YES;
				CLANG_WARN_CONSTANT_CONVERSION = YES;
				CLANG_WARN_DEPRECATED_OBJC_IMPLEMENTATIONS = YES;
				CLANG_WARN_DIRECT_OBJC_ISA_USAGE = YES_ERROR;
				CLANG_WARN_DOCUMENTATION_COMMENTS = YES;
				CLANG_WARN_EMPTY_BODY = YES;
				CLANG_WARN_ENUM_CONVERSION = YES;
				CLANG_WARN_INFINITE_RECURSION = YES;
				CLANG_WARN_INT_CONVERSION = YES;
				CLANG_WARN_NON_LITERAL_NULL_CONVERSION = YES;
				CLANG_WARN_OBJC_IMPLICIT_RETAIN_SELF = YES;
				CLANG_WARN_OBJC_LITERAL_CONVERSION = YES;
				CLANG_WARN_OBJC_ROOT_CLASS = YES_ERROR;
				CLANG_WARN_QUOTED_INCLUDE_IN_FRAMEWORK_HEADER = YES;
				CLANG_WARN_RANGE_LOOP_ANALYSIS = YES;
				CLANG_WARN_STRICT_PROTOTYPES = YES;
				CLANG_WARN_SUSPICIOUS_MOVE = YES;
				CLANG_WARN_UNGUARDED_AVAILABILITY = YES_AGGRESSIVE;
				CLANG_WARN_UNREACHABLE_CODE = YES;
				CLANG_WARN__DUPLICATE_METHOD_MATCH = YES;
				COPY_PHASE_STRIP = NO;
				DEBUG_INFORMATION_FORMAT = dwarf;
				ENABLE_STRICT_OBJC_MSGSEND = YES;
				ENABLE_TESTABILITY = YES;
				ENABLE_USER_SCRIPT_SANDBOXING = YES;
				GCC_C_LANGUAGE_STANDARD = gnu17;
				GCC_DYNAMIC_NO_PIC = NO;
				GCC_NO_COMMON_BLOCKS = YES;
				GCC_OPTIMIZATION_LEVEL = 0;
				GCC_PREPROCESSOR_DEFINITIONS = (
					"DEBUG=1",
					"$(inherited)",
				);
				GCC_WARN_64_TO_32_BIT_CONVERSION = YES;
				GCC_WARN_ABOUT_RETURN_TYPE = YES_ERROR;
				GCC_WARN_UNDECLARED_SELECTOR = YES;
				GCC_WARN_UNINITIALIZED_AUTOS = YES_AGGRESSIVE;
				GCC_WARN_UNUSED_FUNCTION = YES;
				GCC_WARN_UNUSED_VARIABLE = YES;
				IPHONEOS_DEPLOYMENT_TARGET = 17.0;
				LOCALIZATION_PREFERS_STRING_CATALOGS = YES;
				MTL_ENABLE_DEBUG_INFO = INCLUDE_SOURCE;
				MTL_FAST_MATH = YES;
				ONLY_ACTIVE_ARCH = YES;
				SDKROOT = iphoneos;
				SWIFT_ACTIVE_COMPILATION_CONDITIONS = "DEBUG $(inherited)";
				SWIFT_OPTIMIZATION_LEVEL = "-Onone";
			};
			name = Debug;
		};
		708D97952AD464570082964A /* Release */ = {
			isa = XCBuildConfiguration;
			buildSettings = {
				ALWAYS_SEARCH_USER_PATHS = NO;
				ASSETCATALOG_COMPILER_GENERATE_SWIFT_ASSET_SYMBOL_EXTENSIONS = YES;
				CLANG_ANALYZER_NONNULL = YES;
				CLANG_ANALYZER_NUMBER_OBJECT_CONVERSION = YES_AGGRESSIVE;
				CLANG_CXX_LANGUAGE_STANDARD = "gnu++20";
				CLANG_ENABLE_MODULES = YES;
				CLANG_ENABLE_OBJC_ARC = YES;
				CLANG_ENABLE_OBJC_WEAK = YES;
				CLANG_WARN_BLOCK_CAPTURE_AUTORELEASING = YES;
				CLANG_WARN_BOOL_CONVERSION = YES;
				CLANG_WARN_COMMA = YES;
				CLANG_WARN_CONSTANT_CONVERSION = YES;
				CLANG_WARN_DEPRECATED_OBJC_IMPLEMENTATIONS = YES;
				CLANG_WARN_DIRECT_OBJC_ISA_USAGE = YES_ERROR;
				CLANG_WARN_DOCUMENTATION_COMMENTS = YES;
				CLANG_WARN_EMPTY_BODY = YES;
				CLANG_WARN_ENUM_CONVERSION = YES;
				CLANG_WARN_INFINITE_RECURSION = YES;
				CLANG_WARN_INT_CONVERSION = YES;
				CLANG_WARN_NON_LITERAL_NULL_CONVERSION = YES;
				CLANG_WARN_OBJC_IMPLICIT_RETAIN_SELF = YES;
				CLANG_WARN_OBJC_LITERAL_CONVERSION = YES;
				CLANG_WARN_OBJC_ROOT_CLASS = YES_ERROR;
				CLANG_WARN_QUOTED_INCLUDE_IN_FRAMEWORK_HEADER = YES;
				CLANG_WARN_RANGE_LOOP_ANALYSIS = YES;
				CLANG_WARN_STRICT_PROTOTYPES = YES;
				CLANG_WARN_SUSPICIOUS_MOVE = YES;
				CLANG_WARN_UNGUARDED_AVAILABILITY = YES_AGGRESSIVE;
				CLANG_WARN_UNREACHABLE_CODE = YES;
				CLANG_WARN__DUPLICATE_METHOD_MATCH = YES;
				COPY_PHASE_STRIP = NO;
				DEBUG_INFORMATION_FORMAT = "dwarf-with-dsym";
				ENABLE_NS_ASSERTIONS = NO;
				ENABLE_STRICT_OBJC_MSGSEND = YES;
				ENABLE_USER_SCRIPT_SANDBOXING = YES;
				GCC_C_LANGUAGE_STANDARD = gnu17;
				GCC_NO_COMMON_BLOCKS = YES;
				GCC_WARN_64_TO_32_BIT_CONVERSION = YES;
				GCC_WARN_ABOUT_RETURN_TYPE = YES_ERROR;
				GCC_WARN_UNDECLARED_SELECTOR = YES;
				GCC_WARN_UNINITIALIZED_AUTOS = YES_AGGRESSIVE;
				GCC_WARN_UNUSED_FUNCTION = YES;
				GCC_WARN_UNUSED_VARIABLE = YES;
				IPHONEOS_DEPLOYMENT_TARGET = 17.0;
				LOCALIZATION_PREFERS_STRING_CATALOGS = YES;
				MTL_ENABLE_DEBUG_INFO = NO;
				MTL_FAST_MATH = YES;
				SDKROOT = iphoneos;
				SWIFT_COMPILATION_MODE = wholemodule;
				VALIDATE_PRODUCT = YES;
			};
			name = Release;
		};
		708D97972AD464570082964A /* Debug */ = {
			isa = XCBuildConfiguration;
			buildSettings = {
				ASSETCATALOG_COMPILER_APPICON_NAME = AppIcon;
				ASSETCATALOG_COMPILER_GLOBAL_ACCENT_COLOR_NAME = AccentColor;
				CODE_SIGN_STYLE = Automatic;
				CURRENT_PROJECT_VERSION = 1;
				DEVELOPMENT_ASSET_PATHS = "\"LandmarkNavigation/Preview Content\"";
				ENABLE_PREVIEWS = YES;
				GENERATE_INFOPLIST_FILE = YES;
				INFOPLIST_KEY_UIApplicationSceneManifest_Generation = YES;
				INFOPLIST_KEY_UIApplicationSupportsIndirectInputEvents = YES;
				INFOPLIST_KEY_UILaunchScreen_Generation = YES;
				INFOPLIST_KEY_UISupportedInterfaceOrientations_iPad = "UIInterfaceOrientationPortrait UIInterfaceOrientationPortraitUpsideDown UIInterfaceOrientationLandscapeLeft UIInterfaceOrientationLandscapeRight";
				INFOPLIST_KEY_UISupportedInterfaceOrientations_iPhone = "UIInterfaceOrientationPortrait UIInterfaceOrientationLandscapeLeft UIInterfaceOrientationLandscapeRight";
				LD_RUNPATH_SEARCH_PATHS = (
					"$(inherited)",
					"@executable_path/Frameworks",
				);
				MARKETING_VERSION = 1.0;
				PRODUCT_BUNDLE_IDENTIFIER = com.ade.tutorials.LandmarkNavigation;
				PRODUCT_NAME = "$(TARGET_NAME)";
				SWIFT_EMIT_LOC_STRINGS = YES;
				SWIFT_VERSION = 5.0;
				TARGETED_DEVICE_FAMILY = "1,2";
			};
			name = Debug;
		};
		708D97982AD464570082964A /* Release */ = {
			isa = XCBuildConfiguration;
			buildSettings = {
				ASSETCATALOG_COMPILER_APPICON_NAME = AppIcon;
				ASSETCATALOG_COMPILER_GLOBAL_ACCENT_COLOR_NAME = AccentColor;
				CODE_SIGN_STYLE = Automatic;
				CURRENT_PROJECT_VERSION = 1;
				DEVELOPMENT_ASSET_PATHS = "\"LandmarkNavigation/Preview Content\"";
				ENABLE_PREVIEWS = YES;
				GENERATE_INFOPLIST_FILE = YES;
				INFOPLIST_KEY_UIApplicationSceneManifest_Generation = YES;
				INFOPLIST_KEY_UIApplicationSupportsIndirectInputEvents = YES;
				INFOPLIST_KEY_UILaunchScreen_Generation = YES;
				INFOPLIST_KEY_UISupportedInterfaceOrientations_iPad = "UIInterfaceOrientationPortrait UIInterfaceOrientationPortraitUpsideDown UIInterfaceOrientationLandscapeLeft UIInterfaceOrientationLandscapeRight";
				INFOPLIST_KEY_UISupportedInterfaceOrientations_iPhone = "UIInterfaceOrientationPortrait UIInterfaceOrientationLandscapeLeft UIInterfaceOrientationLandscapeRight";
				LD_RUNPATH_SEARCH_PATHS = (
					"$(inherited)",
					"@executable_path/Frameworks",
				);
				MARKETING_VERSION = 1.0;
				PRODUCT_BUNDLE_IDENTIFIER = com.ade.tutorials.LandmarkNavigation;
				PRODUCT_NAME = "$(TARGET_NAME)";
				SWIFT_EMIT_LOC_STRINGS = YES;
				SWIFT_VERSION = 5.0;
				TARGETED_DEVICE_FAMILY = "1,2";
			};
			name = Release;
		};
/* End XCBuildConfiguration section */

/* Begin XCConfigurationList section */
		708D97832AD464540082964A /* Build configuration list for PBXProject "LandmarkNavigation" */ = {
			isa = XCConfigurationList;
			buildConfigurations = (
				708D97942AD464570082964A /* Debug */,
				708D97952AD464570082964A /* Release */,
			);
			defaultConfigurationIsVisible = 0;
			defaultConfigurationName = Release;
		};
		708D97962AD464570082964A /* Build configuration list for PBXNativeTarget "LandmarkNavigation" */ = {
			isa = XCConfigurationList;
			buildConfigurations = (
				708D97972AD464570082964A /* Debug */,
				708D97982AD464570082964A /* Release */,
			);
			defaultConfigurationIsVisible = 0;
			defaultConfigurationName = Release;
		};
/* End XCConfigurationList section */
	};
	rootObject = 708D97802AD464540082964A /* Project object */;
}
